<Solution>
  <Folder Name="/src/">
    <Project Path="src/CarRepairShop.API/CarRepairShop.API.csproj" />
    <Project Path="src/CarRepairShop.Application/CarRepairShop.Application.csproj" />
    <Project Path="src/CarRepairShop.Domain/CarRepairShop.Domain.csproj" />
    <Project Path="src/CarRepairShop.Repository/CarRepairShop.Repository.csproj" />
    <Project Path="src/CarRepairShop.Services/CarRepairShop.Services.csproj" />
  </Folder>
  <Folder Name="/tests/">
    <Project Path="tests/CarRepairShop.UnitTests/CarRepairShop.UnitTests.csproj" />
    <Project Path="tests/CarRepairShop.IntegrationTests/CarRepairShop.IntegrationTests.csproj" />
  </Folder>
  <Folder Name="/tools/">
    <Project Path="tools/CarRepairShop.PerformanceTester/CarRepairShop.PerformanceTester.csproj" />
  </Folder>
</Solution>
